// !$*UTF8*$!
{
	archiveVersion = 1;
	classes = {
	};
	objectVersion = 77;
	objects = {

/* Begin PBXBuildFile section */
		0C1D00000000000000000022 /* SwiftTerm in Frameworks */ = {isa = PBXBuildFile; productRef = 0C1D00000000000000000021 /* SwiftTerm */; };
		0C1D0000000000000000003B /* OriCmdHighlighter.xpc in Embed XPC Services */ = {isa = PBXBuildFile; fileRef = 0C1D00000000000000000030 /* OriCmdHighlighter.xpc */; };
		A11000000000000000000200 = {isa = PBXBuildFile; fileRef = A11000000000000000000100; };
		A11000000000000000000201 = {isa = PBXBuildFile; fileRef = A11000000000000000000101; };
		A11000000000000000000202 = {isa = PBXBuildFile; fileRef = A11000000000000000000102; };
		A11000000000000000000203 = {isa = PBXBuildFile; fileRef = A11000000000000000000103; };
		A11000000000000000000204 = {isa = PBXBuildFile; fileRef = A11000000000000000000104; };
		A11000000000000000000205 = {isa = PBXBuildFile; fileRef = A11000000000000000000105; };
		A11000000000000000000206 = {isa = PBXBuildFile; fileRef = A11000000000000000000106; };
		A11000000000000000000207 = {isa = PBXBuildFile; fileRef = A11000000000000000000107; };
/* End PBXBuildFile section */

/* Begin PBXContainerItemProxy section */
		0C1D0000000000000000003C /* PBXContainerItemProxy */ = {
			isa = PBXContainerItemProxy;
			containerPortal = 0C1D0000000000000000000A /* Project object */;
			proxyType = 1;
			remoteGlobalIDString = 0C1D00000000000000000032;
			remoteInfo = OriCmdHighlighter;
		};
/* End PBXContainerItemProxy section */

/* Begin PBXCopyFilesBuildPhase section */
		0C1D0000000000000000003A /* Embed XPC Services */ = {
			isa = PBXCopyFilesBuildPhase;
			buildActionMask = 2147483647;
			dstPath = "$(CONTENTS_FOLDER_PATH)/XPCServices";
			dstSubfolderSpec = 16;
			files = (
				0C1D0000000000000000003B /* OriCmdHighlighter.xpc in Embed XPC Services */,
			);
			name = "Embed XPC Services";
			runOnlyForDeploymentPostprocessing = 0;
		};
/* End PBXCopyFilesBuildPhase section */

/* Begin PBXFileReference section */
		0C1D00000000000000000001 /* OriCmd.app */ = {isa = PBXFileReference; explicitFileType = wrapper.application; includeInIndex = 0; path = OriCmd.app; sourceTree = BUILT_PRODUCTS_DIR; };
		0C1D00000000000000000030 /* OriCmdHighlighter.xpc */ = {isa = PBXFileReference; explicitFileType = "wrapper.xpc-service"; includeInIndex = 0; path = OriCmdHighlighter.xpc; sourceTree = BUILT_PRODUCTS_DIR; };
		A11000000000000000000100 = {isa = PBXFileReference; lastKnownFileType = sourcecode.swift; path = OriCmd/FileSystem/Transfer.swift; sourceTree = SOURCE_ROOT; };
		A11000000000000000000101 = {isa = PBXFileReference; lastKnownFileType = sourcecode.swift; path = OriCmd/FileSystem/TransferOptions.swift; sourceTree = SOURCE_ROOT; };
		A11000000000000000000102 = {isa = PBXFileReference; lastKnownFileType = sourcecode.swift; path = OriCmd/FileSystem/FileMask.swift; sourceTree = SOURCE_ROOT; };
		A11000000000000000000103 = {isa = PBXFileReference; lastKnownFileType = sourcecode.swift; path = OriCmd/FileSystem/FileItem.swift; sourceTree = SOURCE_ROOT; };
		A11000000000000000000104 = {isa = PBXFileReference; lastKnownFileType = sourcecode.swift; path = OriCmd/FileSystem/DirectoryListing.swift; sourceTree = SOURCE_ROOT; };
		A11000000000000000000105 = {isa = PBXFileReference; lastKnownFileType = sourcecode.swift; path = OriCmd/Tools/TextDiff.swift; sourceTree = SOURCE_ROOT; };
		A11000000000000000000001 = {isa = PBXFileReference; explicitFileType = wrapper.cfbundle; path = OriCmdCoreTests.xctest; sourceTree = BUILT_PRODUCTS_DIR; };
		A11000000000000000000106 = {isa = PBXFileReference; lastKnownFileType = sourcecode.swift; path = OriCmd/UI/OperationsStore.swift; sourceTree = SOURCE_ROOT; };
		A11000000000000000000107 = {isa = PBXFileReference; lastKnownFileType = sourcecode.swift; path = OriCmd/UI/TransferQueue.swift; sourceTree = SOURCE_ROOT; };
/* End PBXFileReference section */

/* Begin PBXFileSystemSynchronizedRootGroup section */
		0C1D00000000000000000002 /* OriCmd */ = {
			isa = PBXFileSystemSynchronizedRootGroup;
			path = OriCmd;
			sourceTree = "<group>";
		};
		0C1D00000000000000000031 /* Highlighter */ = {
			isa = PBXFileSystemSynchronizedRootGroup;
			path = Highlighter;
			sourceTree = "<group>";
		};
		A11000000000000000000002 = {isa = PBXFileSystemSynchronizedRootGroup; path = Tests; sourceTree = "<group>"; };
/* End PBXFileSystemSynchronizedRootGroup section */

/* Begin PBXFrameworksBuildPhase section */
		0C1D00000000000000000003 /* Frameworks */ = {
			isa = PBXFrameworksBuildPhase;
			buildActionMask = 2147483647;
			files = (
				0C1D00000000000000000022 /* SwiftTerm in Frameworks */,
			);
			runOnlyForDeploymentPostprocessing = 0;
		};
		0C1D00000000000000000035 /* Frameworks */ = {
			isa = PBXFrameworksBuildPhase;
			buildActionMask = 2147483647;
			files = (
			);
			runOnlyForDeploymentPostprocessing = 0;
		};
/* End PBXFrameworksBuildPhase section */

/* Begin PBXGroup section */
		0C1D00000000000000000004 = {
			isa = PBXGroup;
			children = (
				0C1D00000000000000000002 /* OriCmd */,
				A11000000000000000000002,
				A11000000000000000000003,
				0C1D00000000000000000031 /* Highlighter */,
				0C1D00000000000000000005 /* Products */,
			);
			sourceTree = "<group>";
		};
		0C1D00000000000000000005 /* Products */ = {
			isa = PBXGroup;
			children = (
				0C1D00000000000000000001 /* OriCmd.app */,
				0C1D00000000000000000030 /* OriCmdHighlighter.xpc */,
				A11000000000000000000001,
			);
			name = Products;
			sourceTree = "<group>";
		};
		A11000000000000000000003 = {isa = PBXGroup; name = "Core test sources"; children = (A11000000000000000000100,A11000000000000000000101,A11000000000000000000102,A11000000000000000000103,A11000000000000000000104,A11000000000000000000105,A11000000000000000000106,A11000000000000000000107,); sourceTree = "<group>"; };
/* End PBXGroup section */

/* Begin PBXNativeTarget section */
		0C1D00000000000000000006 /* OriCmd */ = {
			isa = PBXNativeTarget;
			buildConfigurationList = 0C1D00000000000000000007 /* Build configuration list for PBXNativeTarget "OriCmd" */;
			buildPhases = (
				0C1D00000000000000000008 /* Sources */,
				0C1D00000000000000000003 /* Frameworks */,
				0C1D00000000000000000009 /* Resources */,
				0C1D0000000000000000003A /* Embed XPC Services */,
			);
			buildRules = (
			);
			dependencies = (
				0C1D00000000000000000039 /* PBXTargetDependency */,
			);
			fileSystemSynchronizedGroups = (
				0C1D00000000000000000002 /* OriCmd */,
			);
			name = OriCmd;
			packageProductDependencies = (
				0C1D00000000000000000021 /* SwiftTerm */,
			);
			productName = OriCmd;
			productReference = 0C1D00000000000000000001 /* OriCmd.app */;
			productType = "com.apple.product-type.application";
		};
		0C1D00000000000000000032 /* OriCmdHighlighter */ = {
			isa = PBXNativeTarget;
			buildConfigurationList = 0C1D00000000000000000033 /* Build configuration list for PBXNativeTarget "OriCmdHighlighter" */;
			buildPhases = (
				0C1D00000000000000000034 /* Sources */,
				0C1D00000000000000000035 /* Frameworks */,
				0C1D00000000000000000036 /* Resources */,
			);
			buildRules = (
			);
			dependencies = (
			);
			fileSystemSynchronizedGroups = (
				0C1D00000000000000000031 /* Highlighter */,
			);
			name = OriCmdHighlighter;
			productName = OriCmdHighlighter;
			productReference = 0C1D00000000000000000030 /* OriCmdHighlighter.xpc */;
			productType = "com.apple.product-type.xpc-service";
		};
		A11000000000000000000004 = {
            isa = PBXNativeTarget;
            buildConfigurationList = A11000000000000000000007;
            buildPhases = (A11000000000000000000005,);
            buildRules = ();
            dependencies = ();
            fileSystemSynchronizedGroups = (A11000000000000000000002,);
            name = OriCmdCoreTests;
            productName = OriCmdCoreTests;
            productReference = A11000000000000000000001;
            productType = "com.apple.product-type.bundle.unit-test";
        };
/* End PBXNativeTarget section */

/* Begin PBXProject section */
		0C1D0000000000000000000A /* Project object */ = {
			isa = PBXProject;
			attributes = {
				BuildIndependentTargetsInParallel = 1;
				LastSwiftUpdateCheck = 2700;
				LastUpgradeCheck = 2700;
				TargetAttributes = {
					0C1D00000000000000000006 = {
						CreatedOnToolsVersion = 27.0;
					};
					0C1D00000000000000000032 = {
						CreatedOnToolsVersion = 27.0;
					};
				};
			};
			buildConfigurationList = 0C1D0000000000000000000B /* Build configuration list for PBXProject "OriCmd" */;
			developmentRegion = en;
			hasScannedForEncodings = 0;
			knownRegions = (
				en,
				Base,
				ru,
			);
			mainGroup = 0C1D00000000000000000004;
			minimizedProjectReferenceProxies = 1;
			packageReferences = (
				0C1D00000000000000000020 /* XCRemoteSwiftPackageReference "SwiftTerm" */,
			);
			preferredProjectObjectVersion = 77;
			productRefGroup = 0C1D00000000000000000005 /* Products */;
			projectDirPath = "";
			projectRoot = "";
			targets = (
				0C1D00000000000000000006 /* OriCmd */,
				0C1D00000000000000000032 /* OriCmdHighlighter */,
				A11000000000000000000004,
			);
		};
/* End PBXProject section */

/* Begin PBXResourcesBuildPhase section */
		0C1D00000000000000000009 /* Resources */ = {
			isa = PBXResourcesBuildPhase;
			buildActionMask = 2147483647;
			files = (
			);
			runOnlyForDeploymentPostprocessing = 0;
		};
		0C1D00000000000000000036 /* Resources */ = {
			isa = PBXResourcesBuildPhase;
			buildActionMask = 2147483647;
			files = (
			);
			runOnlyForDeploymentPostprocessing = 0;
		};
/* End PBXResourcesBuildPhase section */

/* Begin PBXSourcesBuildPhase section */
		0C1D00000000000000000008 /* Sources */ = {
			isa = PBXSourcesBuildPhase;
			buildActionMask = 2147483647;
			files = (
			);
			runOnlyForDeploymentPostprocessing = 0;
		};
		0C1D00000000000000000034 /* Sources */ = {
			isa = PBXSourcesBuildPhase;
			buildActionMask = 2147483647;
			files = (
			);
			runOnlyForDeploymentPostprocessing = 0;
		};
		A11000000000000000000005 = {isa = PBXSourcesBuildPhase; buildActionMask = 2147483647; files = (A11000000000000000000200,A11000000000000000000201,A11000000000000000000202,A11000000000000000000203,A11000000000000000000204,A11000000000000000000205,A11000000000000000000206,A11000000000000000000207,); runOnlyForDeploymentPostprocessing = 0; };
/* End PBXSourcesBuildPhase section */

/* Begin PBXTargetDependency section */
		0C1D00000000000000000039 /* PBXTargetDependency */ = {
			isa = PBXTargetDependency;
			target = 0C1D00000000000000000032 /* OriCmdHighlighter */;
			targetProxy = 0C1D0000000000000000003C /* PBXContainerItemProxy */;
		};
/* End PBXTargetDependency section */

/* Begin XCBuildConfiguration section */
		0C1D0000000000000000000C /* Debug */ = {
			isa = XCBuildConfiguration;
			buildSettings = {
				ALWAYS_SEARCH_USER_PATHS = NO;
				CLANG_ENABLE_MODULES = YES;
				CLANG_ENABLE_OBJC_ARC = YES;
				COPY_PHASE_STRIP = NO;
				DEBUG_INFORMATION_FORMAT = dwarf;
				ENABLE_STRICT_OBJC_MSGSEND = YES;
				ENABLE_TESTABILITY = YES;
				ENABLE_USER_SCRIPT_SANDBOXING = YES;
				GCC_OPTIMIZATION_LEVEL = 0;
				GCC_PREPROCESSOR_DEFINITIONS = (
					"DEBUG=1",
					"$(inherited)",
				);
				MACOSX_DEPLOYMENT_TARGET = 14.0;
				ONLY_ACTIVE_ARCH = YES;
				SDKROOT = macosx;
				SWIFT_ACTIVE_COMPILATION_CONDITIONS = "DEBUG $(inherited)";
				SWIFT_OPTIMIZATION_LEVEL = "-Onone";
			};
			name = Debug;
		};
		0C1D0000000000000000000D /* Release */ = {
			isa = XCBuildConfiguration;
			buildSettings = {
				ALWAYS_SEARCH_USER_PATHS = NO;
				CLANG_ENABLE_MODULES = YES;
				CLANG_ENABLE_OBJC_ARC = YES;
				COPY_PHASE_STRIP = NO;
				DEBUG_INFORMATION_FORMAT = "dwarf-with-dsym";
				ENABLE_NS_ASSERTIONS = NO;
				ENABLE_STRICT_OBJC_MSGSEND = YES;
				ENABLE_USER_SCRIPT_SANDBOXING = YES;
				MACOSX_DEPLOYMENT_TARGET = 14.0;
				SDKROOT = macosx;
				SWIFT_COMPILATION_MODE = wholemodule;
			};
			name = Release;
		};
		0C1D0000000000000000000E /* Debug */ = {
			isa = XCBuildConfiguration;
			buildSettings = {
				ASSETCATALOG_COMPILER_APPICON_NAME = AppIcon;
				CODE_SIGN_IDENTITY = "-";
				CODE_SIGN_STYLE = Manual;
				COMBINE_HIDPI_IMAGES = YES;
				CURRENT_PROJECT_VERSION = 21;
				ENABLE_HARDENED_RUNTIME = YES;
				GENERATE_INFOPLIST_FILE = YES;
				INFOPLIST_FILE = "Config/OriCmd-Info.plist";
				INFOPLIST_KEY_CFBundleDisplayName = Oriel;
				INFOPLIST_KEY_LSApplicationCategoryType = "public.app-category.utilities";
				INFOPLIST_KEY_NSHumanReadableCopyright = "Copyright © 2026 OriCmd contributors. Licensed under GPL-3.0.";
				INFOPLIST_KEY_NSPrincipalClass = NSApplication;
				LD_RUNPATH_SEARCH_PATHS = (
					"$(inherited)",
					"@executable_path/../Frameworks",
				);
				MARKETING_VERSION = 2026.10.5;
				ORICMD_FORK = tosiabunio;
				ORICMD_FORK_BUILD = "";
				ORICMD_FORK_COMMIT = "";
				PRODUCT_BUNDLE_IDENTIFIER = io.github.tosiabunio.oriel;
				PRODUCT_NAME = "$(TARGET_NAME)";
				SWIFT_APPROACHABLE_CONCURRENCY = YES;
				SWIFT_DEFAULT_ACTOR_ISOLATION = MainActor;
				SWIFT_EMIT_LOC_STRINGS = YES;
				SWIFT_INCLUDE_PATHS = "$(SRCROOT)/CLibArchive";
				SWIFT_VERSION = 6.0;
			};
			name = Debug;
		};
		0C1D0000000000000000000F /* Release */ = {
			isa = XCBuildConfiguration;
			buildSettings = {
				ASSETCATALOG_COMPILER_APPICON_NAME = AppIcon;
				CODE_SIGN_INJECT_BASE_ENTITLEMENTS = NO;
				CODE_SIGN_IDENTITY = "-";
				CODE_SIGN_STYLE = Manual;
				COMBINE_HIDPI_IMAGES = YES;
				CURRENT_PROJECT_VERSION = 21;
				ENABLE_HARDENED_RUNTIME = YES;
				GENERATE_INFOPLIST_FILE = YES;
				INFOPLIST_FILE = "Config/OriCmd-Info.plist";
				INFOPLIST_KEY_CFBundleDisplayName = Oriel;
				INFOPLIST_KEY_LSApplicationCategoryType = "public.app-category.utilities";
				INFOPLIST_KEY_NSHumanReadableCopyright = "Copyright © 2026 OriCmd contributors. Licensed under GPL-3.0.";
				INFOPLIST_KEY_NSPrincipalClass = NSApplication;
				LD_RUNPATH_SEARCH_PATHS = (
					"$(inherited)",
					"@executable_path/../Frameworks",
				);
				MARKETING_VERSION = 2026.10.5;
				ORICMD_FORK = tosiabunio;
				ORICMD_FORK_BUILD = "";
				ORICMD_FORK_COMMIT = "";
				PRODUCT_BUNDLE_IDENTIFIER = io.github.tosiabunio.oriel;
				PRODUCT_NAME = "$(TARGET_NAME)";
				SWIFT_APPROACHABLE_CONCURRENCY = YES;
				SWIFT_DEFAULT_ACTOR_ISOLATION = MainActor;
				SWIFT_EMIT_LOC_STRINGS = YES;
				SWIFT_INCLUDE_PATHS = "$(SRCROOT)/CLibArchive";
				SWIFT_VERSION = 6.0;
			};
			name = Release;
		};
		0C1D00000000000000000037 /* Debug */ = {
			isa = XCBuildConfiguration;
			buildSettings = {
				CODE_SIGN_IDENTITY = "-";
				CODE_SIGN_STYLE = Manual;
				CURRENT_PROJECT_VERSION = 21;
				ENABLE_HARDENED_RUNTIME = YES;
				GENERATE_INFOPLIST_FILE = YES;
				INFOPLIST_FILE = "Config/Highlighter-Info.plist";
				MARKETING_VERSION = 2026.10.5;
				PRODUCT_BUNDLE_IDENTIFIER = io.github.tosiabunio.oriel.Highlighter;
				PRODUCT_NAME = "$(TARGET_NAME)";
				SKIP_INSTALL = YES;
				SWIFT_APPROACHABLE_CONCURRENCY = YES;
				SWIFT_OPTIMIZATION_LEVEL = "-O";
				SWIFT_VERSION = 6.0;
			};
			name = Debug;
		};
		0C1D00000000000000000038 /* Release */ = {
			isa = XCBuildConfiguration;
			buildSettings = {
				CODE_SIGN_INJECT_BASE_ENTITLEMENTS = NO;
				CODE_SIGN_IDENTITY = "-";
				CODE_SIGN_STYLE = Manual;
				CURRENT_PROJECT_VERSION = 21;
				ENABLE_HARDENED_RUNTIME = YES;
				GENERATE_INFOPLIST_FILE = YES;
				INFOPLIST_FILE = "Config/Highlighter-Info.plist";
				MARKETING_VERSION = 2026.10.5;
				PRODUCT_BUNDLE_IDENTIFIER = io.github.tosiabunio.oriel.Highlighter;
				PRODUCT_NAME = "$(TARGET_NAME)";
				SKIP_INSTALL = YES;
				SWIFT_APPROACHABLE_CONCURRENCY = YES;
				SWIFT_VERSION = 6.0;
			};
			name = Release;
		};
        A11000000000000000000008 = {isa = XCBuildConfiguration; buildSettings = {
            CODE_SIGN_IDENTITY = "-";
            CODE_SIGN_STYLE = Manual;
            GENERATE_INFOPLIST_FILE = YES;
            PRODUCT_BUNDLE_IDENTIFIER = io.github.tosiabunio.oriel.CoreTests;
            PRODUCT_NAME = "$(TARGET_NAME)";
            SWIFT_VERSION = 6.0;
            SWIFT_ACTIVE_COMPILATION_CONDITIONS = "DEBUG $(inherited)";
        }; name = Debug; };
        A11000000000000000000009 = {isa = XCBuildConfiguration; buildSettings = {
            CODE_SIGN_IDENTITY = "-";
            CODE_SIGN_STYLE = Manual;
            GENERATE_INFOPLIST_FILE = YES;
            PRODUCT_BUNDLE_IDENTIFIER = io.github.tosiabunio.oriel.CoreTests;
            PRODUCT_NAME = "$(TARGET_NAME)";
            SWIFT_VERSION = 6.0;
            SWIFT_ACTIVE_COMPILATION_CONDITIONS = "DEBUG $(inherited)";
        }; name = Release; };
/* End XCBuildConfiguration section */

/* Begin XCConfigurationList section */
		0C1D00000000000000000007 /* Build configuration list for PBXNativeTarget "OriCmd" */ = {
			isa = XCConfigurationList;
			buildConfigurations = (
				0C1D0000000000000000000E /* Debug */,
				0C1D0000000000000000000F /* Release */,
			);
			defaultConfigurationIsVisible = 0;
			defaultConfigurationName = Release;
		};
		0C1D0000000000000000000B /* Build configuration list for PBXProject "OriCmd" */ = {
			isa = XCConfigurationList;
			buildConfigurations = (
				0C1D0000000000000000000C /* Debug */,
				0C1D0000000000000000000D /* Release */,
			);
			defaultConfigurationIsVisible = 0;
			defaultConfigurationName = Release;
		};
		0C1D00000000000000000033 /* Build configuration list for PBXNativeTarget "OriCmdHighlighter" */ = {
			isa = XCConfigurationList;
			buildConfigurations = (
				0C1D00000000000000000037 /* Debug */,
				0C1D00000000000000000038 /* Release */,
			);
			defaultConfigurationIsVisible = 0;
			defaultConfigurationName = Release;
		};
        A11000000000000000000007 = {isa = XCConfigurationList; buildConfigurations = (A11000000000000000000008,A11000000000000000000009,); defaultConfigurationIsVisible = 0; defaultConfigurationName = Debug; };
/* End XCConfigurationList section */

/* Begin XCRemoteSwiftPackageReference section */
		0C1D00000000000000000020 /* XCRemoteSwiftPackageReference "SwiftTerm" */ = {
			isa = XCRemoteSwiftPackageReference;
			repositoryURL = "https://github.com/migueldeicaza/SwiftTerm";
			requirement = {
				kind = exactVersion;
				version = 1.11.2;
			};
		};
/* End XCRemoteSwiftPackageReference section */

/* Begin XCSwiftPackageProductDependency section */
		0C1D00000000000000000021 /* SwiftTerm */ = {
			isa = XCSwiftPackageProductDependency;
			package = 0C1D00000000000000000020 /* XCRemoteSwiftPackageReference "SwiftTerm" */;
			productName = SwiftTerm;
		};
/* End XCSwiftPackageProductDependency section */
	};
	rootObject = 0C1D0000000000000000000A /* Project object */;
}
